
Microsoft Visual Studio Solution File, Format Version 12.00
# Visual Studio Version 17
VisualStudioVersion = 17.2.32616.157
MinimumVisualStudioVersion = 10.0.40219.1
Project("{9A19103F-16F7-4668-BE54-9A1E7A4F7556}") = "Domashna_1", "Domashna_1\Domashna_1.csproj", "{8A6E5EED-B380-4752-89D7-B1FA5AB3DCDB}"
EndProject
Project("{9A19103F-16F7-4668-BE54-9A1E7A4F7556}") = "Domashna_2", "Domashna_2\Domashna_2.csproj", "{A75347C8-4A64-4110-9579-1C2ED7653632}"
EndProject
Project("{FAE04EC0-301F-11D3-BF4B-00C04F79EFBC}") = "Domashna_3", "Domashna_3\Domashna_3.csproj", "{C6FD9931-1B7F-40F0-9854-8781973D3E7C}"
EndProject
Project("{FAE04EC0-301F-11D3-BF4B-00C04F79EFBC}") = "Domashna_4", "Domashna_4\Domashna_4.csproj", "{2BBF5D08-7129-4156-8D2D-2545C5C02FD3}"
EndProject
Project("{FAE04EC0-301F-11D3-BF4B-00C04F79EFBC}") = "Domashna_5", "Domashna_5\Domashna_5.csproj", "{B4DD4058-97B9-4320-86EA-EDC2A02EC410}"
EndProject
Global
	GlobalSection(SolutionConfigurationPlatforms) = preSolution
		Debug|Any CPU = Debug|Any CPU
		Release|Any CPU = Release|Any CPU
	EndGlobalSection
	GlobalSection(ProjectConfigurationPlatforms) = postSolution
		{8A6E5EED-B380-4752-89D7-B1FA5AB3DCDB}.Debug|Any CPU.ActiveCfg = Debug|Any CPU
		{8A6E5EED-B380-4752-89D7-B1FA5AB3DCDB}.Debug|Any CPU.Build.0 = Debug|Any CPU
		{8A6E5EED-B380-4752-89D7-B1FA5AB3DCDB}.Release|Any CPU.ActiveCfg = Release|Any CPU
		{8A6E5EED-B380-4752-89D7-B1FA5AB3DCDB}.Release|Any CPU.Build.0 = Release|Any CPU
		{A75347C8-4A64-4110-9579-1C2ED7653632}.Debug|Any CPU.ActiveCfg = Debug|Any CPU
		{A75347C8-4A64-4110-9579-1C2ED7653632}.Debug|Any CPU.Build.0 = Debug|Any CPU
		{A75347C8-4A64-4110-9579-1C2ED7653632}.Release|Any CPU.ActiveCfg = Release|Any CPU
		{A75347C8-4A64-4110-9579-1C2ED7653632}.Release|Any CPU.Build.0 = Release|Any CPU
		{C6FD9931-1B7F-40F0-9854-8781973D3E7C}.Debug|Any CPU.ActiveCfg = Debug|Any CPU
		{C6FD9931-1B7F-40F0-9854-8781973D3E7C}.Debug|Any CPU.Build.0 = Debug|Any CPU
		{C6FD9931-1B7F-40F0-9854-8781973D3E7C}.Release|Any CPU.ActiveCfg = Release|Any CPU
		{C6FD9931-1B7F-40F0-9854-8781973D3E7C}.Release|Any CPU.Build.0 = Release|Any CPU
		{2BBF5D08-7129-4156-8D2D-2545C5C02FD3}.Debug|Any CPU.ActiveCfg = Debug|Any CPU
		{2BBF5D08-7129-4156-8D2D-2545C5C02FD3}.Debug|Any CPU.Build.0 = Debug|Any CPU
		{2BBF5D08-7129-4156-8D2D-2545C5C02FD3}.Release|Any CPU.ActiveCfg = Release|Any CPU
		{2BBF5D08-7129-4156-8D2D-2545C5C02FD3}.Release|Any CPU.Build.0 = Release|Any CPU
		{B4DD4058-97B9-4320-86EA-EDC2A02EC410}.Debug|Any CPU.ActiveCfg = Debug|Any CPU
		{B4DD4058-97B9-4320-86EA-EDC2A02EC410}.Debug|Any CPU.Build.0 = Debug|Any CPU
		{B4DD4058-97B9-4320-86EA-EDC2A02EC410}.Release|Any CPU.ActiveCfg = Release|Any CPU
		{B4DD4058-97B9-4320-86EA-EDC2A02EC410}.Release|Any CPU.Build.0 = Release|Any CPU
	EndGlobalSection
	GlobalSection(SolutionProperties) = preSolution
		HideSolutionNode = FALSE
	EndGlobalSection
	GlobalSection(ExtensibilityGlobals) = postSolution
		SolutionGuid = {7EBD6ADD-138E-421E-A19A-B3E71FE5A49B}
	EndGlobalSection
EndGlobal
